
Microsoft Visual Studio Solution File, Format Version 12.00
# Visual Studio Version 17
VisualStudioVersion = 17.0.31912.275
MinimumVisualStudioVersion = 10.0.40219.1
Project("{FAE04EC0-301F-11D3-BF4B-00C04F79EFBC}") = "BasicCoreProblem", "BasicCoreProblem.csproj", "{40C83BA7-5F58-4A4C-8393-FBB7177D8F5E}"
EndProject
Global
	GlobalSection(SolutionConfigurationPlatforms) = preSolution
		Debug|Any CPU = Debug|Any CPU
		Release|Any CPU = Release|Any CPU
	EndGlobalSection
	GlobalSection(ProjectConfigurationPlatforms) = postSolution
		{40C83BA7-5F58-4A4C-8393-FBB7177D8F5E}.Debug|Any CPU.ActiveCfg = Debug|Any CPU
		{40C83BA7-5F58-4A4C-8393-FBB7177D8F5E}.Debug|Any CPU.Build.0 = Debug|Any CPU
		{40C83BA7-5F58-4A4C-8393-FBB7177D8F5E}.Release|Any CPU.ActiveCfg = Release|Any CPU
		{40C83BA7-5F58-4A4C-8393-FBB7177D8F5E}.Release|Any CPU.Build.0 = Release|Any CPU
	EndGlobalSection
	GlobalSection(SolutionProperties) = preSolution
		HideSolutionNode = FALSE
	EndGlobalSection
	GlobalSection(ExtensibilityGlobals) = postSolution
		SolutionGuid = {96C96CA6-3606-4864-901A-E45F1C4C65D7}
	EndGlobalSection
EndGlobal
